
Microsoft Visual Studio Solution File, Format Version 12.00
# Visual Studio Version 17
VisualStudioVersion = 17.14.36414.22 d17.14
MinimumVisualStudioVersion = 10.0.40219.1
Project("{FAE04EC0-301F-11D3-BF4B-00C04F79EFBC}") = "GamifyMyLife", "GamifyMyLife\GamifyMyLife.csproj", "{915ADEE1-537D-47BB-8C79-126BDE30F316}"
EndProject
Global
	GlobalSection(SolutionConfigurationPlatforms) = preSolution
		Debug|Any CPU = Debug|Any CPU
		Release|Any CPU = Release|Any CPU
	EndGlobalSection
	GlobalSection(ProjectConfigurationPlatforms) = postSolution
		{915ADEE1-537D-47BB-8C79-126BDE30F316}.Debug|Any CPU.ActiveCfg = Debug|Any CPU
		{915ADEE1-537D-47BB-8C79-126BDE30F316}.Debug|Any CPU.Build.0 = Debug|Any CPU
		{915ADEE1-537D-47BB-8C79-126BDE30F316}.Release|Any CPU.ActiveCfg = Release|Any CPU
		{915ADEE1-537D-47BB-8C79-126BDE30F316}.Release|Any CPU.Build.0 = Release|Any CPU
	EndGlobalSection
	GlobalSection(SolutionProperties) = preSolution
		HideSolutionNode = FALSE
	EndGlobalSection
	GlobalSection(ExtensibilityGlobals) = postSolution
		SolutionGuid = {75CBA521-D455-4A13-9B57-44FD02FF2485}
	EndGlobalSection
EndGlobal
